
Microsoft Visual Studio Solution File, Format Version 12.00
# Visual Studio Version 16
VisualStudioVersion = 16.0.808.0
MinimumVisualStudioVersion = 10.0.40219.1
Project("{FAE04EC0-301F-11D3-BF4B-00C04F79EFBC}") = "XFBindablePropertiesSample.Android", "XFBindablePropertiesSample.Android\XFBindablePropertiesSample.Android.csproj", "{A0B5CC67-9DC6-43FF-A1CC-89D8B6367E40}"
EndProject
Project("{FAE04EC0-301F-11D3-BF4B-00C04F79EFBC}") = "XFBindablePropertiesSample.iOS", "XFBindablePropertiesSample.iOS\XFBindablePropertiesSample.iOS.csproj", "{F5DF82E2-ED0E-44D9-B27D-323559227113}"
EndProject
Project("{FAE04EC0-301F-11D3-BF4B-00C04F79EFBC}") = "XFBindablePropertiesSample", "XFBindablePropertiesSample\XFBindablePropertiesSample.csproj", "{36884D8F-DF5B-4A84-BF4A-61259C9DFAEC}"
EndProject
Global
	GlobalSection(SolutionConfigurationPlatforms) = preSolution
		Debug|Any CPU = Debug|Any CPU
		Release|Any CPU = Release|Any CPU
		Debug|iPhoneSimulator = Debug|iPhoneSimulator
		Release|iPhoneSimulator = Release|iPhoneSimulator
		Debug|iPhone = Debug|iPhone
		Release|iPhone = Release|iPhone
	EndGlobalSection
	GlobalSection(ProjectConfigurationPlatforms) = postSolution
		{A0B5CC67-9DC6-43FF-A1CC-89D8B6367E40}.Debug|Any CPU.ActiveCfg = Debug|Any CPU
		{A0B5CC67-9DC6-43FF-A1CC-89D8B6367E40}.Debug|Any CPU.Build.0 = Debug|Any CPU
		{A0B5CC67-9DC6-43FF-A1CC-89D8B6367E40}.Release|Any CPU.ActiveCfg = Release|Any CPU
		{A0B5CC67-9DC6-43FF-A1CC-89D8B6367E40}.Release|Any CPU.Build.0 = Release|Any CPU
		{A0B5CC67-9DC6-43FF-A1CC-89D8B6367E40}.Debug|iPhoneSimulator.ActiveCfg = Debug|Any CPU
		{A0B5CC67-9DC6-43FF-A1CC-89D8B6367E40}.Debug|iPhoneSimulator.Build.0 = Debug|Any CPU
		{A0B5CC67-9DC6-43FF-A1CC-89D8B6367E40}.Release|iPhoneSimulator.ActiveCfg = Release|Any CPU
		{A0B5CC67-9DC6-43FF-A1CC-89D8B6367E40}.Release|iPhoneSimulator.Build.0 = Release|Any CPU
		{A0B5CC67-9DC6-43FF-A1CC-89D8B6367E40}.Debug|iPhone.ActiveCfg = Debug|Any CPU
		{A0B5CC67-9DC6-43FF-A1CC-89D8B6367E40}.Debug|iPhone.Build.0 = Debug|Any CPU
		{A0B5CC67-9DC6-43FF-A1CC-89D8B6367E40}.Release|iPhone.ActiveCfg = Release|Any CPU
		{A0B5CC67-9DC6-43FF-A1CC-89D8B6367E40}.Release|iPhone.Build.0 = Release|Any CPU
		{F5DF82E2-ED0E-44D9-B27D-323559227113}.Debug|Any CPU.ActiveCfg = Debug|iPhoneSimulator
		{F5DF82E2-ED0E-44D9-B27D-323559227113}.Debug|Any CPU.Build.0 = Debug|iPhoneSimulator
		{F5DF82E2-ED0E-44D9-B27D-323559227113}.Release|Any CPU.ActiveCfg = Release|iPhoneSimulator
		{F5DF82E2-ED0E-44D9-B27D-323559227113}.Release|Any CPU.Build.0 = Release|iPhoneSimulator
		{F5DF82E2-ED0E-44D9-B27D-323559227113}.Debug|iPhoneSimulator.ActiveCfg = Debug|iPhoneSimulator
		{F5DF82E2-ED0E-44D9-B27D-323559227113}.Debug|iPhoneSimulator.Build.0 = Debug|iPhoneSimulator
		{F5DF82E2-ED0E-44D9-B27D-323559227113}.Release|iPhoneSimulator.ActiveCfg = Release|iPhoneSimulator
		{F5DF82E2-ED0E-44D9-B27D-323559227113}.Release|iPhoneSimulator.Build.0 = Release|iPhoneSimulator
		{F5DF82E2-ED0E-44D9-B27D-323559227113}.Debug|iPhone.ActiveCfg = Debug|iPhone
		{F5DF82E2-ED0E-44D9-B27D-323559227113}.Debug|iPhone.Build.0 = Debug|iPhone
		{F5DF82E2-ED0E-44D9-B27D-323559227113}.Release|iPhone.ActiveCfg = Release|iPhone
		{F5DF82E2-ED0E-44D9-B27D-323559227113}.Release|iPhone.Build.0 = Release|iPhone
		{36884D8F-DF5B-4A84-BF4A-61259C9DFAEC}.Debug|Any CPU.ActiveCfg = Debug|Any CPU
		{36884D8F-DF5B-4A84-BF4A-61259C9DFAEC}.Debug|Any CPU.Build.0 = Debug|Any CPU
		{36884D8F-DF5B-4A84-BF4A-61259C9DFAEC}.Release|Any CPU.ActiveCfg = Release|Any CPU
		{36884D8F-DF5B-4A84-BF4A-61259C9DFAEC}.Release|Any CPU.Build.0 = Release|Any CPU
		{36884D8F-DF5B-4A84-BF4A-61259C9DFAEC}.Debug|iPhoneSimulator.ActiveCfg = Debug|Any CPU
		{36884D8F-DF5B-4A84-BF4A-61259C9DFAEC}.Debug|iPhoneSimulator.Build.0 = Debug|Any CPU
		{36884D8F-DF5B-4A84-BF4A-61259C9DFAEC}.Release|iPhoneSimulator.ActiveCfg = Release|Any CPU
		{36884D8F-DF5B-4A84-BF4A-61259C9DFAEC}.Release|iPhoneSimulator.Build.0 = Release|Any CPU
		{36884D8F-DF5B-4A84-BF4A-61259C9DFAEC}.Debug|iPhone.ActiveCfg = Debug|Any CPU
		{36884D8F-DF5B-4A84-BF4A-61259C9DFAEC}.Debug|iPhone.Build.0 = Debug|Any CPU
		{36884D8F-DF5B-4A84-BF4A-61259C9DFAEC}.Release|iPhone.ActiveCfg = Release|Any CPU
		{36884D8F-DF5B-4A84-BF4A-61259C9DFAEC}.Release|iPhone.Build.0 = Release|Any CPU
	EndGlobalSection
	GlobalSection(SolutionProperties) = preSolution
		HideSolutionNode = FALSE
	EndGlobalSection
	GlobalSection(ExtensibilityGlobals) = postSolution
		SolutionGuid = {DA9EDAC4-043D-45AE-B77E-DB2780C50B47}
	EndGlobalSection
EndGlobal
